
Microsoft Visual Studio Solution File, Format Version 12.00
# Visual Studio 15
VisualStudioVersion = 15.0.27703.2035
MinimumVisualStudioVersion = 10.0.40219.1
Project("{FAE04EC0-301F-11D3-BF4B-00C04F79EFBC}") = "WebApplication3", "WebApplication3\WebApplication3.csproj", "{FE4AC39B-55F7-4F43-95CC-CE9BF933D566}"
EndProject
Global
	GlobalSection(SolutionConfigurationPlatforms) = preSolution
		Debug|Any CPU = Debug|Any CPU
		Release|Any CPU = Release|Any CPU
	EndGlobalSection
	GlobalSection(ProjectConfigurationPlatforms) = postSolution
		{FE4AC39B-55F7-4F43-95CC-CE9BF933D566}.Debug|Any CPU.ActiveCfg = Debug|Any CPU
		{FE4AC39B-55F7-4F43-95CC-CE9BF933D566}.Debug|Any CPU.Build.0 = Debug|Any CPU
		{FE4AC39B-55F7-4F43-95CC-CE9BF933D566}.Release|Any CPU.ActiveCfg = Release|Any CPU
		{FE4AC39B-55F7-4F43-95CC-CE9BF933D566}.Release|Any CPU.Build.0 = Release|Any CPU
	EndGlobalSection
	GlobalSection(SolutionProperties) = preSolution
		HideSolutionNode = FALSE
	EndGlobalSection
	GlobalSection(ExtensibilityGlobals) = postSolution
		SolutionGuid = {1418EAEC-9BB0-47BB-8383-62550FEF9F67}
	EndGlobalSection
EndGlobal
